
Microsoft Visual Studio Solution File, Format Version 12.00
# Visual Studio Version 17
VisualStudioVersion = 17.13.35806.99 d17.13
MinimumVisualStudioVersion = 10.0.40219.1
Project("{FAE04EC0-301F-11D3-BF4B-00C04F79EFBC}") = "SmartReminderSystem", "SmartReminderSystem\SmartReminderSystem.csproj", "{85785635-783C-48E5-B778-3392CF07EEE8}"
EndProject
Global
	GlobalSection(SolutionConfigurationPlatforms) = preSolution
		Debug|Any CPU = Debug|Any CPU
		Release|Any CPU = Release|Any CPU
	EndGlobalSection
	GlobalSection(ProjectConfigurationPlatforms) = postSolution
		{85785635-783C-48E5-B778-3392CF07EEE8}.Debug|Any CPU.ActiveCfg = Debug|Any CPU
		{85785635-783C-48E5-B778-3392CF07EEE8}.Debug|Any CPU.Build.0 = Debug|Any CPU
		{85785635-783C-48E5-B778-3392CF07EEE8}.Release|Any CPU.ActiveCfg = Release|Any CPU
		{85785635-783C-48E5-B778-3392CF07EEE8}.Release|Any CPU.Build.0 = Release|Any CPU
	EndGlobalSection
	GlobalSection(SolutionProperties) = preSolution
		HideSolutionNode = FALSE
	EndGlobalSection
	GlobalSection(ExtensibilityGlobals) = postSolution
		SolutionGuid = {FA7B5AAF-42D0-41C5-9245-C75D6D39C6F5}
	EndGlobalSection
EndGlobal
